# release/images.lock: every third-party image the pilot runs, pinned by digest.
# Format: <image ref without digest> <digest>. Generated by scripts/release_artifacts.py from the digests
# in deploy/*.yml, deploy/hardening/*.yml, tests/*/stack/*.yml and the Dockerfile base images;
# tests/hardening checks the compose files, the Dockerfiles and the running containers against it.
# To upgrade an image: pull it, replace the digest in the compose file / Dockerfile, rerun this script,
# rerun tests/hardening and the acceptance suite (docs/runbook/ has the patch procedure).

clickhouse/clickhouse-server:24.4.1 sha256:2e6587b81a267c6152cf2112c3532516424d3eaa36f1b150d5b8847c0e3d5b01
ghcr.io/berriai/litellm:v1.100.3 sha256:a68b34df312f1e72914f0886384517fa4fdb09013480460b80a4e3a40104376b
ghcr.io/openlit/openlit-controller:0.10.0 sha256:165efd4469ea2fd8916217b8eb67b9d7168f70d6596298928348b80a15eaf511
ghcr.io/openlit/openlit:2.1.0 sha256:94552ccd09379b5e2fec3c51c4fec1b41d88d6b56b0a5ccc895c116673884fa8
grafana/grafana-oss:11.6.1 sha256:52c3e20686b860c6dc1f623811565773cf51eefa378817a4896dfc863c3c82c8
mcr.microsoft.com/presidio-analyzer:2.2.362 sha256:286e3fa7f3a7426e775e8564fe1870f1ba8f999d3ab8bbb8cc46a44355d9d6e9
mcr.microsoft.com/presidio-anonymizer:2.2.362 sha256:a10a12a2a613d13cf29d3ad3641e3258444dd8c90403dd644a0a114c472c2483
nginxinc/nginx-unprivileged:1.27-alpine sha256:65e3e85dbaed8ba248841d9d58a899b6197106c23cb0ff1a132b7bfe0547e4c0
postgres:16.14-alpine sha256:57c72fd2a128e416c7fcc499958864df5301e940bca0a56f58fddf30ffc07777
python:3.12-slim sha256:f77ac9e44ae96ef2c90b8053ea08c31f8be030f824196b0ae4db6d462c84e51f
redis:7.4.8-alpine sha256:7aec734b2bb298a1d769fd8729f13b8514a41bf90fcdd1f38ec52267fbaa8ee6

# Built from this repository (not pulled); the id changes with every rebuild. Base image is pinned above.
# built govpilot/agents:1 sha256:714ead25f55f2c348277568088e9a2600f88591dcc14b01e612aa546c6c642ac
# built govpilot/control-plane:1 sha256:5ca4e1952f62ae99422fc8758dbcb930e4ac9e12bcc58b383dd2717318ed03d2
# built govpilot/discovery:1 sha256:7321d2ba3f30fcc7eb03c1ff46586f51a2484df8479bfb964f568d8848821414
# built govpilot/mock-provider:1 sha256:7be00cab7bb25a1c899a249f25282e9954b9f7e21c3d91c4c71cea900eda14e0
# built govpilot/status-page:1 sha256:8fea82d09d55f05ee697783e755a92cdcec259ab27e32a4affdbeb3bcf97b3ff

# tooling (not part of the running stack): anchore/syft@sha256:500e2d872ac019436926e8322b4fc1f39441d94d21f6f4046c6ff29b30e8cb02
